
Microsoft Visual Studio Solution File, Format Version 12.00
# Visual Studio Version 17
VisualStudioVersion = 17.9.34616.47
MinimumVisualStudioVersion = 10.0.40219.1
Project("{8BC9CEB8-8B4A-11D0-8D11-00A0C91BC942}") = "calculator", "calculator\calculator.vcxproj", "{A169EA58-470F-4E92-945A-FF4DC49888FF}"
EndProject
Global
	GlobalSection(SolutionConfigurationPlatforms) = preSolution
		Debug|x64 = Debug|x64
		Debug|x86 = Debug|x86
		Release|x64 = Release|x64
		Release|x86 = Release|x86
	EndGlobalSection
	GlobalSection(ProjectConfigurationPlatforms) = postSolution
		{A169EA58-470F-4E92-945A-FF4DC49888FF}.Debug|x64.ActiveCfg = Debug|x64
		{A169EA58-470F-4E92-945A-FF4DC49888FF}.Debug|x64.Build.0 = Debug|x64
		{A169EA58-470F-4E92-945A-FF4DC49888FF}.Debug|x86.ActiveCfg = Debug|Win32
		{A169EA58-470F-4E92-945A-FF4DC49888FF}.Debug|x86.Build.0 = Debug|Win32
		{A169EA58-470F-4E92-945A-FF4DC49888FF}.Release|x64.ActiveCfg = Release|x64
		{A169EA58-470F-4E92-945A-FF4DC49888FF}.Release|x64.Build.0 = Release|x64
		{A169EA58-470F-4E92-945A-FF4DC49888FF}.Release|x86.ActiveCfg = Release|Win32
		{A169EA58-470F-4E92-945A-FF4DC49888FF}.Release|x86.Build.0 = Release|Win32
	EndGlobalSection
	GlobalSection(SolutionProperties) = preSolution
		HideSolutionNode = FALSE
	EndGlobalSection
	GlobalSection(ExtensibilityGlobals) = postSolution
		SolutionGuid = {A392627C-3768-47EB-B1FF-65554E2D4E62}
	EndGlobalSection
EndGlobal
